// !$*UTF8*$!
{
	archiveVersion = 1;
	classes = {
	};
	objectVersion = 56;
	objects = {

/* Begin PBXBuildFile section */
		EC0581772C6CCAB40035F5F2 /* AppCall.swift in Sources */ = {isa = PBXBuildFile; fileRef = EC0581762C6CCAB40035F5F2 /* AppCall.swift */; };
		EC0581792C6CCDE40035F5F2 /* MoviesListView.swift in Sources */ = {isa = PBXBuildFile; fileRef = EC0581782C6CCDE40035F5F2 /* MoviesListView.swift */; };
		EC6324562C6BA8A10029C1D8 /* MovieAppApp.swift in Sources */ = {isa = PBXBuildFile; fileRef = EC6324552C6BA8A10029C1D8 /* MovieAppApp.swift */; };
		EC6324582C6BA8A10029C1D8 /* ContentView.swift in Sources */ = {isa = PBXBuildFile; fileRef = EC6324572C6BA8A10029C1D8 /* ContentView.swift */; };
		EC63245A2C6BA8A20029C1D8 /* Assets.xcassets in Resources */ = {isa = PBXBuildFile; fileRef = EC6324592C6BA8A20029C1D8 /* Assets.xcassets */; };
		EC63245D2C6BA8A20029C1D8 /* Preview Assets.xcassets in Resources */ = {isa = PBXBuildFile; fileRef = EC63245C2C6BA8A20029C1D8 /* Preview Assets.xcassets */; };
		EC6324672C6BA8A20029C1D8 /* MovieAppTests.swift in Sources */ = {isa = PBXBuildFile; fileRef = EC6324662C6BA8A20029C1D8 /* MovieAppTests.swift */; };
		EC6324712C6BA8A20029C1D8 /* MovieAppUITests.swift in Sources */ = {isa = PBXBuildFile; fileRef = EC6324702C6BA8A20029C1D8 /* MovieAppUITests.swift */; };
		EC6324732C6BA8A20029C1D8 /* MovieAppUITestsLaunchTests.swift in Sources */ = {isa = PBXBuildFile; fileRef = EC6324722C6BA8A20029C1D8 /* MovieAppUITestsLaunchTests.swift */; };
		EC6324802C6BA90E0029C1D8 /* movie.swift in Sources */ = {isa = PBXBuildFile; fileRef = EC63247F2C6BA90E0029C1D8 /* movie.swift */; };
/* End PBXBuildFile section */

/* Begin PBXContainerItemProxy section */
		EC6324632C6BA8A20029C1D8 /* PBXContainerItemProxy */ = {
			isa = PBXContainerItemProxy;
			containerPortal = EC63244A2C6BA8A10029C1D8 /* Project object */;
			proxyType = 1;
			remoteGlobalIDString = EC6324512C6BA8A10029C1D8;
			remoteInfo = MovieApp;
		};
		EC63246D2C6BA8A20029C1D8 /* PBXContainerItemProxy */ = {
			isa = PBXContainerItemProxy;
			containerPortal = EC63244A2C6BA8A10029C1D8 /* Project object */;
			proxyType = 1;
			remoteGlobalIDString = EC6324512C6BA8A10029C1D8;
			remoteInfo = MovieApp;
		};
/* End PBXContainerItemProxy section */

/* Begin PBXFileReference section */
		EC0581762C6CCAB40035F5F2 /* AppCall.swift */ = {isa = PBXFileReference; lastKnownFileType = sourcecode.swift; path = AppCall.swift; sourceTree = "<group>"; };
		EC0581782C6CCDE40035F5F2 /* MoviesListView.swift */ = {isa = PBXFileReference; lastKnownFileType = sourcecode.swift; path = MoviesListView.swift; sourceTree = "<group>"; };
		EC6324522C6BA8A10029C1D8 /* MovieApp.app */ = {isa = PBXFileReference; explicitFileType = wrapper.application; includeInIndex = 0; path = MovieApp.app; sourceTree = BUILT_PRODUCTS_DIR; };
		EC6324552C6BA8A10029C1D8 /* MovieAppApp.swift */ = {isa = PBXFileReference; lastKnownFileType = sourcecode.swift; path = MovieAppApp.swift; sourceTree = "<group>"; };
		EC6324572C6BA8A10029C1D8 /* ContentView.swift */ = {isa = PBXFileReference; lastKnownFileType = sourcecode.swift; path = ContentView.swift; sourceTree = "<group>"; };
		EC6324592C6BA8A20029C1D8 /* Assets.xcassets */ = {isa = PBXFileReference; lastKnownFileType = folder.assetcatalog; path = Assets.xcassets; sourceTree = "<group>"; };
		EC63245C2C6BA8A20029C1D8 /* Preview Assets.xcassets */ = {isa = PBXFileReference; lastKnownFileType = folder.assetcatalog; path = "Preview Assets.xcassets"; sourceTree = "<group>"; };
		EC6324622C6BA8A20029C1D8 /* MovieAppTests.xctest */ = {isa = PBXFileReference; explicitFileType = wrapper.cfbundle; includeInIndex = 0; path = MovieAppTests.xctest; sourceTree = BUILT_PRODUCTS_DIR; };
		EC6324662C6BA8A20029C1D8 /* MovieAppTests.swift */ = {isa = PBXFileReference; lastKnownFileType = sourcecode.swift; path = MovieAppTests.swift; sourceTree = "<group>"; };
		EC63246C2C6BA8A20029C1D8 /* MovieAppUITests.xctest */ = {isa = PBXFileReference; explicitFileType = wrapper.cfbundle; includeInIndex = 0; path = MovieAppUITests.xctest; sourceTree = BUILT_PRODUCTS_DIR; };
		EC6324702C6BA8A20029C1D8 /* MovieAppUITests.swift */ = {isa = PBXFileReference; lastKnownFileType = sourcecode.swift; path = MovieAppUITests.swift; sourceTree = "<group>"; };
		EC6324722C6BA8A20029C1D8 /* MovieAppUITestsLaunchTests.swift */ = {isa = PBXFileReference; lastKnownFileType = sourcecode.swift; path = MovieAppUITestsLaunchTests.swift; sourceTree = "<group>"; };
		EC63247F2C6BA90E0029C1D8 /* movie.swift */ = {isa = PBXFileReference; lastKnownFileType = sourcecode.swift; path = movie.swift; sourceTree = "<group>"; };
/* End PBXFileReference section */

/* Begin PBXFrameworksBuildPhase section */
		EC63244F2C6BA8A10029C1D8 /* Frameworks */ = {
			isa = PBXFrameworksBuildPhase;
			buildActionMask = 2147483647;
			files = (
			);
			runOnlyForDeploymentPostprocessing = 0;
		};
		EC63245F2C6BA8A20029C1D8 /* Frameworks */ = {
			isa = PBXFrameworksBuildPhase;
			buildActionMask = 2147483647;
			files = (
			);
			runOnlyForDeploymentPostprocessing = 0;
		};
		EC6324692C6BA8A20029C1D8 /* Frameworks */ = {
			isa = PBXFrameworksBuildPhase;
			buildActionMask = 2147483647;
			files = (
			);
			runOnlyForDeploymentPostprocessing = 0;
		};
/* End PBXFrameworksBuildPhase section */

/* Begin PBXGroup section */
		EC0581742C6CBD320035F5F2 /* model */ = {
			isa = PBXGroup;
			children = (
				EC63247F2C6BA90E0029C1D8 /* movie.swift */,
			);
			path = model;
			sourceTree = "<group>";
		};
		EC0581752C6CBD3E0035F5F2 /* view */ = {
			isa = PBXGroup;
			children = (
				EC0581782C6CCDE40035F5F2 /* MoviesListView.swift */,
			);
			path = view;
			sourceTree = "<group>";
		};
		EC6324492C6BA8A10029C1D8 = {
			isa = PBXGroup;
			children = (
				EC0581742C6CBD320035F5F2 /* model */,
				EC0581752C6CBD3E0035F5F2 /* view */,
				ECCE73582C6DFD24006EF5B2 /* viewModel */,
				EC6324542C6BA8A10029C1D8 /* MovieApp */,
				EC6324652C6BA8A20029C1D8 /* MovieAppTests */,
				EC63246F2C6BA8A20029C1D8 /* MovieAppUITests */,
				EC6324532C6BA8A10029C1D8 /* Products */,
			);
			sourceTree = "<group>";
		};
		EC6324532C6BA8A10029C1D8 /* Products */ = {
			isa = PBXGroup;
			children = (
				EC6324522C6BA8A10029C1D8 /* MovieApp.app */,
				EC6324622C6BA8A20029C1D8 /* MovieAppTests.xctest */,
				EC63246C2C6BA8A20029C1D8 /* MovieAppUITests.xctest */,
			);
			name = Products;
			sourceTree = "<group>";
		};
		EC6324542C6BA8A10029C1D8 /* MovieApp */ = {
			isa = PBXGroup;
			children = (
				EC6324552C6BA8A10029C1D8 /* MovieAppApp.swift */,
				EC6324572C6BA8A10029C1D8 /* ContentView.swift */,
				EC6324592C6BA8A20029C1D8 /* Assets.xcassets */,
				EC63245B2C6BA8A20029C1D8 /* Preview Content */,
			);
			path = MovieApp;
			sourceTree = "<group>";
		};
		EC63245B2C6BA8A20029C1D8 /* Preview Content */ = {
			isa = PBXGroup;
			children = (
				EC63245C2C6BA8A20029C1D8 /* Preview Assets.xcassets */,
			);
			path = "Preview Content";
			sourceTree = "<group>";
		};
		EC6324652C6BA8A20029C1D8 /* MovieAppTests */ = {
			isa = PBXGroup;
			children = (
				EC6324662C6BA8A20029C1D8 /* MovieAppTests.swift */,
			);
			path = MovieAppTests;
			sourceTree = "<group>";
		};
		EC63246F2C6BA8A20029C1D8 /* MovieAppUITests */ = {
			isa = PBXGroup;
			children = (
				EC6324702C6BA8A20029C1D8 /* MovieAppUITests.swift */,
				EC6324722C6BA8A20029C1D8 /* MovieAppUITestsLaunchTests.swift */,
			);
			path = MovieAppUITests;
			sourceTree = "<group>";
		};
		ECCE73582C6DFD24006EF5B2 /* viewModel */ = {
			isa = PBXGroup;
			children = (
				EC0581762C6CCAB40035F5F2 /* AppCall.swift */,
			);
			path = viewModel;
			sourceTree = "<group>";
		};
/* End PBXGroup section */

/* Begin PBXNativeTarget section */
		EC6324512C6BA8A10029C1D8 /* MovieApp */ = {
			isa = PBXNativeTarget;
			buildConfigurationList = EC6324762C6BA8A20029C1D8 /* Build configuration list for PBXNativeTarget "MovieApp" */;
			buildPhases = (
				EC63244E2C6BA8A10029C1D8 /* Sources */,
				EC63244F2C6BA8A10029C1D8 /* Frameworks */,
				EC6324502C6BA8A10029C1D8 /* Resources */,
			);
			buildRules = (
			);
			dependencies = (
			);
			name = MovieApp;
			productName = MovieApp;
			productReference = EC6324522C6BA8A10029C1D8 /* MovieApp.app */;
			productType = "com.apple.product-type.application";
		};
		EC6324612C6BA8A20029C1D8 /* MovieAppTests */ = {
			isa = PBXNativeTarget;
			buildConfigurationList = EC6324792C6BA8A20029C1D8 /* Build configuration list for PBXNativeTarget "MovieAppTests" */;
			buildPhases = (
				EC63245E2C6BA8A20029C1D8 /* Sources */,
				EC63245F2C6BA8A20029C1D8 /* Frameworks */,
				EC6324602C6BA8A20029C1D8 /* Resources */,
			);
			buildRules = (
			);
			dependencies = (
				EC6324642C6BA8A20029C1D8 /* PBXTargetDependency */,
			);
			name = MovieAppTests;
			productName = MovieAppTests;
			productReference = EC6324622C6BA8A20029C1D8 /* MovieAppTests.xctest */;
			productType = "com.apple.product-type.bundle.unit-test";
		};
		EC63246B2C6BA8A20029C1D8 /* MovieAppUITests */ = {
			isa = PBXNativeTarget;
			buildConfigurationList = EC63247C2C6BA8A20029C1D8 /* Build configuration list for PBXNativeTarget "MovieAppUITests" */;
			buildPhases = (
				EC6324682C6BA8A20029C1D8 /* Sources */,
				EC6324692C6BA8A20029C1D8 /* Frameworks */,
				EC63246A2C6BA8A20029C1D8 /* Resources */,
			);
			buildRules = (
			);
			dependencies = (
				EC63246E2C6BA8A20029C1D8 /* PBXTargetDependency */,
			);
			name = MovieAppUITests;
			productName = MovieAppUITests;
			productReference = EC63246C2C6BA8A20029C1D8 /* MovieAppUITests.xctest */;
			productType = "com.apple.product-type.bundle.ui-testing";
		};
/* End PBXNativeTarget section */

/* Begin PBXProject section */
		EC63244A2C6BA8A10029C1D8 /* Project object */ = {
			isa = PBXProject;
			attributes = {
				BuildIndependentTargetsInParallel = 1;
				LastSwiftUpdateCheck = 1540;
				LastUpgradeCheck = 1540;
				TargetAttributes = {
					EC6324512C6BA8A10029C1D8 = {
						CreatedOnToolsVersion = 15.4;
					};
					EC6324612C6BA8A20029C1D8 = {
						CreatedOnToolsVersion = 15.4;
						TestTargetID = EC6324512C6BA8A10029C1D8;
					};
					EC63246B2C6BA8A20029C1D8 = {
						CreatedOnToolsVersion = 15.4;
						TestTargetID = EC6324512C6BA8A10029C1D8;
					};
				};
			};
			buildConfigurationList = EC63244D2C6BA8A10029C1D8 /* Build configuration list for PBXProject "MovieApp" */;
			compatibilityVersion = "Xcode 14.0";
			developmentRegion = en;
			hasScannedForEncodings = 0;
			knownRegions = (
				en,
				Base,
			);
			mainGroup = EC6324492C6BA8A10029C1D8;
			productRefGroup = EC6324532C6BA8A10029C1D8 /* Products */;
			projectDirPath = "";
			projectRoot = "";
			targets = (
				EC6324512C6BA8A10029C1D8 /* MovieApp */,
				EC6324612C6BA8A20029C1D8 /* MovieAppTests */,
				EC63246B2C6BA8A20029C1D8 /* MovieAppUITests */,
			);
		};
/* End PBXProject section */

/* Begin PBXResourcesBuildPhase section */
		EC6324502C6BA8A10029C1D8 /* Resources */ = {
			isa = PBXResourcesBuildPhase;
			buildActionMask = 2147483647;
			files = (
				EC63245D2C6BA8A20029C1D8 /* Preview Assets.xcassets in Resources */,
				EC63245A2C6BA8A20029C1D8 /* Assets.xcassets in Resources */,
			);
			runOnlyForDeploymentPostprocessing = 0;
		};
		EC6324602C6BA8A20029C1D8 /* Resources */ = {
			isa = PBXResourcesBuildPhase;
			buildActionMask = 2147483647;
			files = (
			);
			runOnlyForDeploymentPostprocessing = 0;
		};
		EC63246A2C6BA8A20029C1D8 /* Resources */ = {
			isa = PBXResourcesBuildPhase;
			buildActionMask = 2147483647;
			files = (
			);
			runOnlyForDeploymentPostprocessing = 0;
		};
/* End PBXResourcesBuildPhase section */

/* Begin PBXSourcesBuildPhase section */
		EC63244E2C6BA8A10029C1D8 /* Sources */ = {
			isa = PBXSourcesBuildPhase;
			buildActionMask = 2147483647;
			files = (
				EC0581792C6CCDE40035F5F2 /* MoviesListView.swift in Sources */,
				EC6324802C6BA90E0029C1D8 /* movie.swift in Sources */,
				EC0581772C6CCAB40035F5F2 /* AppCall.swift in Sources */,
				EC6324582C6BA8A10029C1D8 /* ContentView.swift in Sources */,
				EC6324562C6BA8A10029C1D8 /* MovieAppApp.swift in Sources */,
			);
			runOnlyForDeploymentPostprocessing = 0;
		};
		EC63245E2C6BA8A20029C1D8 /* Sources */ = {
			isa = PBXSourcesBuildPhase;
			buildActionMask = 2147483647;
			files = (
				EC6324672C6BA8A20029C1D8 /* MovieAppTests.swift in Sources */,
			);
			runOnlyForDeploymentPostprocessing = 0;
		};
		EC6324682C6BA8A20029C1D8 /* Sources */ = {
			isa = PBXSourcesBuildPhase;
			buildActionMask = 2147483647;
			files = (
				EC6324732C6BA8A20029C1D8 /* MovieAppUITestsLaunchTests.swift in Sources */,
				EC6324712C6BA8A20029C1D8 /* MovieAppUITests.swift in Sources */,
			);
			runOnlyForDeploymentPostprocessing = 0;
		};
/* End PBXSourcesBuildPhase section */

/* Begin PBXTargetDependency section */
		EC6324642C6BA8A20029C1D8 /* PBXTargetDependency */ = {
			isa = PBXTargetDependency;
			target = EC6324512C6BA8A10029C1D8 /* MovieApp */;
			targetProxy = EC6324632C6BA8A20029C1D8 /* PBXContainerItemProxy */;
		};
		EC63246E2C6BA8A20029C1D8 /* PBXTargetDependency */ = {
			isa = PBXTargetDependency;
			target = EC6324512C6BA8A10029C1D8 /* MovieApp */;
			targetProxy = EC63246D2C6BA8A20029C1D8 /* PBXContainerItemProxy */;
		};
/* End PBXTargetDependency section */

/* Begin XCBuildConfiguration section */
		EC6324742C6BA8A20029C1D8 /* Debug */ = {
			isa = XCBuildConfiguration;
			buildSettings = {
				ALWAYS_SEARCH_USER_PATHS = NO;
				ASSETCATALOG_COMPILER_GENERATE_SWIFT_ASSET_SYMBOL_EXTENSIONS = YES;
				CLANG_ANALYZER_NONNULL = YES;
				CLANG_ANALYZER_NUMBER_OBJECT_CONVERSION = YES_AGGRESSIVE;
				CLANG_CXX_LANGUAGE_STANDARD = "gnu++20";
				CLANG_ENABLE_MODULES = YES;
				CLANG_ENABLE_OBJC_ARC = YES;
				CLANG_ENABLE_OBJC_WEAK = YES;
				CLANG_WARN_BLOCK_CAPTURE_AUTORELEASING = YES;
				CLANG_WARN_BOOL_CONVERSION = YES;
				CLANG_WARN_COMMA = YES;
				CLANG_WARN_CONSTANT_CONVERSION = YES;
				CLANG_WARN_DEPRECATED_OBJC_IMPLEMENTATIONS = YES;
				CLANG_WARN_DIRECT_OBJC_ISA_USAGE = YES_ERROR;
				CLANG_WARN_DOCUMENTATION_COMMENTS = YES;
				CLANG_WARN_EMPTY_BODY = YES;
				CLANG_WARN_ENUM_CONVERSION = YES;
				CLANG_WARN_INFINITE_RECURSION = YES;
				CLANG_WARN_INT_CONVERSION = YES;
				CLANG_WARN_NON_LITERAL_NULL_CONVERSION = YES;
				CLANG_WARN_OBJC_IMPLICIT_RETAIN_SELF = YES;
				CLANG_WARN_OBJC_LITERAL_CONVERSION = YES;
				CLANG_WARN_OBJC_ROOT_CLASS = YES_ERROR;
				CLANG_WARN_QUOTED_INCLUDE_IN_FRAMEWORK_HEADER = YES;
				CLANG_WARN_RANGE_LOOP_ANALYSIS = YES;
				CLANG_WARN_STRICT_PROTOTYPES = YES;
				CLANG_WARN_SUSPICIOUS_MOVE = YES;
				CLANG_WARN_UNGUARDED_AVAILABILITY = YES_AGGRESSIVE;
				CLANG_WARN_UNREACHABLE_CODE = YES;
				CLANG_WARN__DUPLICATE_METHOD_MATCH = YES;
				COPY_PHASE_STRIP = NO;
				DEBUG_INFORMATION_FORMAT = dwarf;
				ENABLE_STRICT_OBJC_MSGSEND = YES;
				ENABLE_TESTABILITY = YES;
				ENABLE_USER_SCRIPT_SANDBOXING = YES;
				GCC_C_LANGUAGE_STANDARD = gnu17;
				GCC_DYNAMIC_NO_PIC = NO;
				GCC_NO_COMMON_BLOCKS = YES;
				GCC_OPTIMIZATION_LEVEL = 0;
				GCC_PREPROCESSOR_DEFINITIONS = (
					"DEBUG=1",
					"$(inherited)",
				);
				GCC_WARN_64_TO_32_BIT_CONVERSION = YES;
				GCC_WARN_ABOUT_RETURN_TYPE = YES_ERROR;
				GCC_WARN_UNDECLARED_SELECTOR = YES;
				GCC_WARN_UNINITIALIZED_AUTOS = YES_AGGRESSIVE;
				GCC_WARN_UNUSED_FUNCTION = YES;
				GCC_WARN_UNUSED_VARIABLE = YES;
				IPHONEOS_DEPLOYMENT_TARGET = 17.5;
				LOCALIZATION_PREFERS_STRING_CATALOGS = YES;
				MTL_ENABLE_DEBUG_INFO = INCLUDE_SOURCE;
				MTL_FAST_MATH = YES;
				ONLY_ACTIVE_ARCH = YES;
				SDKROOT = iphoneos;
				SWIFT_ACTIVE_COMPILATION_CONDITIONS = "DEBUG $(inherited)";
				SWIFT_OPTIMIZATION_LEVEL = "-Onone";
			};
			name = Debug;
		};
		EC6324752C6BA8A20029C1D8 /* Release */ = {
			isa = XCBuildConfiguration;
			buildSettings = {
				ALWAYS_SEARCH_USER_PATHS = NO;
				ASSETCATALOG_COMPILER_GENERATE_SWIFT_ASSET_SYMBOL_EXTENSIONS = YES;
				CLANG_ANALYZER_NONNULL = YES;
				CLANG_ANALYZER_NUMBER_OBJECT_CONVERSION = YES_AGGRESSIVE;
				CLANG_CXX_LANGUAGE_STANDARD = "gnu++20";
				CLANG_ENABLE_MODULES = YES;
				CLANG_ENABLE_OBJC_ARC = YES;
				CLANG_ENABLE_OBJC_WEAK = YES;
				CLANG_WARN_BLOCK_CAPTURE_AUTORELEASING = YES;
				CLANG_WARN_BOOL_CONVERSION = YES;
				CLANG_WARN_COMMA = YES;
				CLANG_WARN_CONSTANT_CONVERSION = YES;
				CLANG_WARN_DEPRECATED_OBJC_IMPLEMENTATIONS = YES;
				CLANG_WARN_DIRECT_OBJC_ISA_USAGE = YES_ERROR;
				CLANG_WARN_DOCUMENTATION_COMMENTS = YES;
				CLANG_WARN_EMPTY_BODY = YES;
				CLANG_WARN_ENUM_CONVERSION = YES;
				CLANG_WARN_INFINITE_RECURSION = YES;
				CLANG_WARN_INT_CONVERSION = YES;
				CLANG_WARN_NON_LITERAL_NULL_CONVERSION = YES;
				CLANG_WARN_OBJC_IMPLICIT_RETAIN_SELF = YES;
				CLANG_WARN_OBJC_LITERAL_CONVERSION = YES;
				CLANG_WARN_OBJC_ROOT_CLASS = YES_ERROR;
				CLANG_WARN_QUOTED_INCLUDE_IN_FRAMEWORK_HEADER = YES;
				CLANG_WARN_RANGE_LOOP_ANALYSIS = YES;
				CLANG_WARN_STRICT_PROTOTYPES = YES;
				CLANG_WARN_SUSPICIOUS_MOVE = YES;
				CLANG_WARN_UNGUARDED_AVAILABILITY = YES_AGGRESSIVE;
				CLANG_WARN_UNREACHABLE_CODE = YES;
				CLANG_WARN__DUPLICATE_METHOD_MATCH = YES;
				COPY_PHASE_STRIP = NO;
				DEBUG_INFORMATION_FORMAT = "dwarf-with-dsym";
				ENABLE_NS_ASSERTIONS = NO;
				ENABLE_STRICT_OBJC_MSGSEND = YES;
				ENABLE_USER_SCRIPT_SANDBOXING = YES;
				GCC_C_LANGUAGE_STANDARD = gnu17;
				GCC_NO_COMMON_BLOCKS = YES;
				GCC_WARN_64_TO_32_BIT_CONVERSION = YES;
				GCC_WARN_ABOUT_RETURN_TYPE = YES_ERROR;
				GCC_WARN_UNDECLARED_SELECTOR = YES;
				GCC_WARN_UNINITIALIZED_AUTOS = YES_AGGRESSIVE;
				GCC_WARN_UNUSED_FUNCTION = YES;
				GCC_WARN_UNUSED_VARIABLE = YES;
				IPHONEOS_DEPLOYMENT_TARGET = 17.5;
				LOCALIZATION_PREFERS_STRING_CATALOGS = YES;
				MTL_ENABLE_DEBUG_INFO = NO;
				MTL_FAST_MATH = YES;
				SDKROOT = iphoneos;
				SWIFT_COMPILATION_MODE = wholemodule;
				VALIDATE_PRODUCT = YES;
			};
			name = Release;
		};
		EC6324772C6BA8A20029C1D8 /* Debug */ = {
			isa = XCBuildConfiguration;
			buildSettings = {
				ASSETCATALOG_COMPILER_APPICON_NAME = AppIcon;
				ASSETCATALOG_COMPILER_GLOBAL_ACCENT_COLOR_NAME = AccentColor;
				CODE_SIGN_STYLE = Automatic;
				CURRENT_PROJECT_VERSION = 1;
				DEVELOPMENT_ASSET_PATHS = "\"MovieApp/Preview Content\"";
				ENABLE_PREVIEWS = YES;
				GENERATE_INFOPLIST_FILE = YES;
				INFOPLIST_KEY_UIApplicationSceneManifest_Generation = YES;
				INFOPLIST_KEY_UIApplicationSupportsIndirectInputEvents = YES;
				INFOPLIST_KEY_UILaunchScreen_Generation = YES;
				INFOPLIST_KEY_UISupportedInterfaceOrientations_iPad = "UIInterfaceOrientationPortrait UIInterfaceOrientationPortraitUpsideDown UIInterfaceOrientationLandscapeLeft UIInterfaceOrientationLandscapeRight";
				INFOPLIST_KEY_UISupportedInterfaceOrientations_iPhone = "UIInterfaceOrientationPortrait UIInterfaceOrientationLandscapeLeft UIInterfaceOrientationLandscapeRight";
				LD_RUNPATH_SEARCH_PATHS = (
					"$(inherited)",
					"@executable_path/Frameworks",
				);
				MARKETING_VERSION = 1.0;
				PRODUCT_BUNDLE_IDENTIFIER = com.ikea.MovieApp;
				PRODUCT_NAME = "$(TARGET_NAME)";
				SWIFT_EMIT_LOC_STRINGS = YES;
				SWIFT_VERSION = 5.0;
				TARGETED_DEVICE_FAMILY = "1,2";
			};
			name = Debug;
		};
		EC6324782C6BA8A20029C1D8 /* Release */ = {
			isa = XCBuildConfiguration;
			buildSettings = {
				ASSETCATALOG_COMPILER_APPICON_NAME = AppIcon;
				ASSETCATALOG_COMPILER_GLOBAL_ACCENT_COLOR_NAME = AccentColor;
				CODE_SIGN_STYLE = Automatic;
				CURRENT_PROJECT_VERSION = 1;
				DEVELOPMENT_ASSET_PATHS = "\"MovieApp/Preview Content\"";
				ENABLE_PREVIEWS = YES;
				GENERATE_INFOPLIST_FILE = YES;
				INFOPLIST_KEY_UIApplicationSceneManifest_Generation = YES;
				INFOPLIST_KEY_UIApplicationSupportsIndirectInputEvents = YES;
				INFOPLIST_KEY_UILaunchScreen_Generation = YES;
				INFOPLIST_KEY_UISupportedInterfaceOrientations_iPad = "UIInterfaceOrientationPortrait UIInterfaceOrientationPortraitUpsideDown UIInterfaceOrientationLandscapeLeft UIInterfaceOrientationLandscapeRight";
				INFOPLIST_KEY_UISupportedInterfaceOrientations_iPhone = "UIInterfaceOrientationPortrait UIInterfaceOrientationLandscapeLeft UIInterfaceOrientationLandscapeRight";
				LD_RUNPATH_SEARCH_PATHS = (
					"$(inherited)",
					"@executable_path/Frameworks",
				);
				MARKETING_VERSION = 1.0;
				PRODUCT_BUNDLE_IDENTIFIER = com.ikea.MovieApp;
				PRODUCT_NAME = "$(TARGET_NAME)";
				SWIFT_EMIT_LOC_STRINGS = YES;
				SWIFT_VERSION = 5.0;
				TARGETED_DEVICE_FAMILY = "1,2";
			};
			name = Release;
		};
		EC63247A2C6BA8A20029C1D8 /* Debug */ = {
			isa = XCBuildConfiguration;
			buildSettings = {
				ALWAYS_EMBED_SWIFT_STANDARD_LIBRARIES = YES;
				BUNDLE_LOADER = "$(TEST_HOST)";
				CODE_SIGN_STYLE = Automatic;
				CURRENT_PROJECT_VERSION = 1;
				GENERATE_INFOPLIST_FILE = YES;
				IPHONEOS_DEPLOYMENT_TARGET = 17.5;
				MARKETING_VERSION = 1.0;
				PRODUCT_BUNDLE_IDENTIFIER = com.ikea.MovieAppTests;
				PRODUCT_NAME = "$(TARGET_NAME)";
				SWIFT_EMIT_LOC_STRINGS = NO;
				SWIFT_VERSION = 5.0;
				TARGETED_DEVICE_FAMILY = "1,2";
				TEST_HOST = "$(BUILT_PRODUCTS_DIR)/MovieApp.app/$(BUNDLE_EXECUTABLE_FOLDER_PATH)/MovieApp";
			};
			name = Debug;
		};
		EC63247B2C6BA8A20029C1D8 /* Release */ = {
			isa = XCBuildConfiguration;
			buildSettings = {
				ALWAYS_EMBED_SWIFT_STANDARD_LIBRARIES = YES;
				BUNDLE_LOADER = "$(TEST_HOST)";
				CODE_SIGN_STYLE = Automatic;
				CURRENT_PROJECT_VERSION = 1;
				GENERATE_INFOPLIST_FILE = YES;
				IPHONEOS_DEPLOYMENT_TARGET = 17.5;
				MARKETING_VERSION = 1.0;
				PRODUCT_BUNDLE_IDENTIFIER = com.ikea.MovieAppTests;
				PRODUCT_NAME = "$(TARGET_NAME)";
				SWIFT_EMIT_LOC_STRINGS = NO;
				SWIFT_VERSION = 5.0;
				TARGETED_DEVICE_FAMILY = "1,2";
				TEST_HOST = "$(BUILT_PRODUCTS_DIR)/MovieApp.app/$(BUNDLE_EXECUTABLE_FOLDER_PATH)/MovieApp";
			};
			name = Release;
		};
		EC63247D2C6BA8A20029C1D8 /* Debug */ = {
			isa = XCBuildConfiguration;
			buildSettings = {
				ALWAYS_EMBED_SWIFT_STANDARD_LIBRARIES = YES;
				CODE_SIGN_STYLE = Automatic;
				CURRENT_PROJECT_VERSION = 1;
				GENERATE_INFOPLIST_FILE = YES;
				MARKETING_VERSION = 1.0;
				PRODUCT_BUNDLE_IDENTIFIER = com.ikea.MovieAppUITests;
				PRODUCT_NAME = "$(TARGET_NAME)";
				SWIFT_EMIT_LOC_STRINGS = NO;
				SWIFT_VERSION = 5.0;
				TARGETED_DEVICE_FAMILY = "1,2";
				TEST_TARGET_NAME = MovieApp;
			};
			name = Debug;
		};
		EC63247E2C6BA8A20029C1D8 /* Release */ = {
			isa = XCBuildConfiguration;
			buildSettings = {
				ALWAYS_EMBED_SWIFT_STANDARD_LIBRARIES = YES;
				CODE_SIGN_STYLE = Automatic;
				CURRENT_PROJECT_VERSION = 1;
				GENERATE_INFOPLIST_FILE = YES;
				MARKETING_VERSION = 1.0;
				PRODUCT_BUNDLE_IDENTIFIER = com.ikea.MovieAppUITests;
				PRODUCT_NAME = "$(TARGET_NAME)";
				SWIFT_EMIT_LOC_STRINGS = NO;
				SWIFT_VERSION = 5.0;
				TARGETED_DEVICE_FAMILY = "1,2";
				TEST_TARGET_NAME = MovieApp;
			};
			name = Release;
		};
/* End XCBuildConfiguration section */

/* Begin XCConfigurationList section */
		EC63244D2C6BA8A10029C1D8 /* Build configuration list for PBXProject "MovieApp" */ = {
			isa = XCConfigurationList;
			buildConfigurations = (
				EC6324742C6BA8A20029C1D8 /* Debug */,
				EC6324752C6BA8A20029C1D8 /* Release */,
			);
			defaultConfigurationIsVisible = 0;
			defaultConfigurationName = Release;
		};
		EC6324762C6BA8A20029C1D8 /* Build configuration list for PBXNativeTarget "MovieApp" */ = {
			isa = XCConfigurationList;
			buildConfigurations = (
				EC6324772C6BA8A20029C1D8 /* Debug */,
				EC6324782C6BA8A20029C1D8 /* Release */,
			);
			defaultConfigurationIsVisible = 0;
			defaultConfigurationName = Release;
		};
		EC6324792C6BA8A20029C1D8 /* Build configuration list for PBXNativeTarget "MovieAppTests" */ = {
			isa = XCConfigurationList;
			buildConfigurations = (
				EC63247A2C6BA8A20029C1D8 /* Debug */,
				EC63247B2C6BA8A20029C1D8 /* Release */,
			);
			defaultConfigurationIsVisible = 0;
			defaultConfigurationName = Release;
		};
		EC63247C2C6BA8A20029C1D8 /* Build configuration list for PBXNativeTarget "MovieAppUITests" */ = {
			isa = XCConfigurationList;
			buildConfigurations = (
				EC63247D2C6BA8A20029C1D8 /* Debug */,
				EC63247E2C6BA8A20029C1D8 /* Release */,
			);
			defaultConfigurationIsVisible = 0;
			defaultConfigurationName = Release;
		};
/* End XCConfigurationList section */
	};
	rootObject = EC63244A2C6BA8A10029C1D8 /* Project object */;
}
